
Microsoft Visual Studio Solution File, Format Version 12.00
# Visual Studio 15
VisualStudioVersion = 15.0.28307.1000
MinimumVisualStudioVersion = 10.0.40219.1
Project("{FAE04EC0-301F-11D3-BF4B-00C04F79EFBC}") = "NetCoreHTMLToImage", "NetCoreHTMLToImage\NetCoreHTMLToImage.csproj", "{956474C0-524F-47B2-835B-26030B1598E0}"
EndProject
Project("{FAE04EC0-301F-11D3-BF4B-00C04F79EFBC}") = "NetCoreHTMLToImage.Console", "NetCoreHTMLToImage.Console\NetCoreHTMLToImage.Console.csproj", "{0D471B38-344A-4992-8F74-73263DFA7F4F}"
EndProject
Global
	GlobalSection(SolutionConfigurationPlatforms) = preSolution
		Debug|Any CPU = Debug|Any CPU
		Release|Any CPU = Release|Any CPU
	EndGlobalSection
	GlobalSection(ProjectConfigurationPlatforms) = postSolution
		{956474C0-524F-47B2-835B-26030B1598E0}.Debug|Any CPU.ActiveCfg = Debug|Any CPU
		{956474C0-524F-47B2-835B-26030B1598E0}.Debug|Any CPU.Build.0 = Debug|Any CPU
		{956474C0-524F-47B2-835B-26030B1598E0}.Release|Any CPU.ActiveCfg = Release|Any CPU
		{956474C0-524F-47B2-835B-26030B1598E0}.Release|Any CPU.Build.0 = Release|Any CPU
		{0D471B38-344A-4992-8F74-73263DFA7F4F}.Debug|Any CPU.ActiveCfg = Debug|Any CPU
		{0D471B38-344A-4992-8F74-73263DFA7F4F}.Debug|Any CPU.Build.0 = Debug|Any CPU
		{0D471B38-344A-4992-8F74-73263DFA7F4F}.Release|Any CPU.ActiveCfg = Release|Any CPU
		{0D471B38-344A-4992-8F74-73263DFA7F4F}.Release|Any CPU.Build.0 = Release|Any CPU
	EndGlobalSection
	GlobalSection(SolutionProperties) = preSolution
		HideSolutionNode = FALSE
	EndGlobalSection
	GlobalSection(ExtensibilityGlobals) = postSolution
		SolutionGuid = {77A125F9-4328-4984-961E-54A0CD634E88}
	EndGlobalSection
EndGlobal
